<Solution>
  <Folder Name="/tests/">
    <Project Path="tests/PolyConecta.Domain.Tests/PolyConecta.Domain.Tests.csproj" />
    <Project Path="tests/PolyConecta.IntegrationTests/PolyConecta.IntegrationTests.csproj" />
  </Folder>
  <Project Path="PolyConecta.Api/PolyConecta.Api.csproj" />
  <Project Path="PolyConecta.Contpaq/PolyConecta.Contpaq.csproj" />
  <Project Path="PolyConecta.Domain/PolyConecta.Domain.csproj" />
  <Project Path="PolyConecta.Infrastructure/PolyConecta.Infrastructure.csproj" />
  <Project Path="PolyConecta.Presentation/PolyConecta.Presentation.csproj" />
</Solution>
